Microsoft Visual Studio Solution File, Format Version 13.00
# Visual Studio 2013
Project("{2150E333-8FDC-42A3-9474-1A3956D46DE8}") = "(crash_generation)", "crash_generation", "{71054F76-E083-ED71-B3F9-3E9B872F3E9E}"
EndProject
Project("{2150E333-8FDC-42A3-9474-1A3956D46DE8}") = "(handler)", "handler", "{07BF0989-2B77-D3C5-75FC-813F97B41E10}"
EndProject
Project("{2150E333-8FDC-42A3-9474-1A3956D46DE8}") = "(sender)", "sender", "{8981176E-4A0F-CADE-30A3-5E3F3F1CDE3A}"
EndProject
Project("{2150E333-8FDC-42A3-9474-1A3956D46DE8}") = "(tests)", "tests", "{47EF6A04-BAE2-1AFF-696A-133DA2D057FB}"
EndProject
Project("{2150E333-8FDC-42A3-9474-1A3956D46DE8}") = "(unittests)", "unittests", "{68226F18-FA06-3EDF-C4A9-C8979D6B14D5}"
EndProject
Project("{8BC9CEB8-8B4A-11D0-8D11-00A0C91BC942}") = "build_all", "build_all.vcxproj", "{3F75837B-F7F5-5F87-B8FE-42682C88E7F1}"
	ProjectSection(ProjectDependencies) = postProject
		{2D07C317-B8F7-EDC5-7F33-05E3395BE8F0} = {2D07C317-B8F7-EDC5-7F33-05E3395BE8F0}
		{1AF4FCB4-8848-CCFC-6699-9F9CDA013DEF} = {1AF4FCB4-8848-CCFC-6699-9F9CDA013DEF}
		{96920D10-97B9-43B9-E96D-EB7BFE0EB9AC} = {96920D10-97B9-43B9-E96D-EB7BFE0EB9AC}
		{742FC865-EB5C-8AE1-CD55-64DA7029D969} = {742FC865-EB5C-8AE1-CD55-64DA7029D969}
		{4FDD7FBD-B18A-9CF7-2D29-FD6A8D01AAAF} = {4FDD7FBD-B18A-9CF7-2D29-FD6A8D01AAAF}
		{E82599FD-A444-37A4-6A0B-1309E055BAE0} = {E82599FD-A444-37A4-6A0B-1309E055BAE0}
		{3A02F723-BB22-B12E-82AA-CB16AE17270C} = {3A02F723-BB22-B12E-82AA-CB16AE17270C}
		{F211784E-08A9-CFF7-2C90-0D974C05F3D9} = {F211784E-08A9-CFF7-2C90-0D974C05F3D9}
		{3B08EFB8-9B66-41E1-C6BC-03BCB10E13EF} = {3B08EFB8-9B66-41E1-C6BC-03BCB10E13EF}
	EndProjectSection
EndProject
Project("{8BC9CEB8-8B4A-11D0-8D11-00A0C91BC942}") = "client_tests", "unittests\client_tests.vcxproj", "{4FDD7FBD-B18A-9CF7-2D29-FD6A8D01AAAF}"
	ProjectSection(ProjectDependencies) = postProject
		{3A02F723-BB22-B12E-82AA-CB16AE17270C} = {3A02F723-BB22-B12E-82AA-CB16AE17270C}
		{F211784E-08A9-CFF7-2C90-0D974C05F3D9} = {F211784E-08A9-CFF7-2C90-0D974C05F3D9}
		{4ED48541-4F88-BEA7-7F51-2F7D869EF242} = {4ED48541-4F88-BEA7-7F51-2F7D869EF242}
		{2D07C317-B8F7-EDC5-7F33-05E3395BE8F0} = {2D07C317-B8F7-EDC5-7F33-05E3395BE8F0}
		{1AF4FCB4-8848-CCFC-6699-9F9CDA013DEF} = {1AF4FCB4-8848-CCFC-6699-9F9CDA013DEF}
		{96920D10-97B9-43B9-E96D-EB7BFE0EB9AC} = {96920D10-97B9-43B9-E96D-EB7BFE0EB9AC}
		{E82599FD-A444-37A4-6A0B-1309E055BAE0} = {E82599FD-A444-37A4-6A0B-1309E055BAE0}
	EndProjectSection
EndProject
Project("{8BC9CEB8-8B4A-11D0-8D11-00A0C91BC942}") = "common", "common.vcxproj", "{4ED48541-4F88-BEA7-7F51-2F7D869EF242}"
EndProject
Project("{8BC9CEB8-8B4A-11D0-8D11-00A0C91BC942}") = "crash_generation_app", "tests\crash_generation_app\crash_generation_app.vcxproj", "{3B08EFB8-9B66-41E1-C6BC-03BCB10E13EF}"
	ProjectSection(ProjectDependencies) = postProject
		{4ED48541-4F88-BEA7-7F51-2F7D869EF242} = {4ED48541-4F88-BEA7-7F51-2F7D869EF242}
		{2D07C317-B8F7-EDC5-7F33-05E3395BE8F0} = {2D07C317-B8F7-EDC5-7F33-05E3395BE8F0}
		{1AF4FCB4-8848-CCFC-6699-9F9CDA013DEF} = {1AF4FCB4-8848-CCFC-6699-9F9CDA013DEF}
		{96920D10-97B9-43B9-E96D-EB7BFE0EB9AC} = {96920D10-97B9-43B9-E96D-EB7BFE0EB9AC}
	EndProjectSection
EndProject
Project("{8BC9CEB8-8B4A-11D0-8D11-00A0C91BC942}") = "crash_generation_client", "crash_generation\crash_generation_client.vcxproj", "{1AF4FCB4-8848-CCFC-6699-9F9CDA013DEF}"
EndProject
Project("{8BC9CEB8-8B4A-11D0-8D11-00A0C91BC942}") = "crash_generation_server", "crash_generation\crash_generation_server.vcxproj", "{2D07C317-B8F7-EDC5-7F33-05E3395BE8F0}"
EndProject
Project("{8BC9CEB8-8B4A-11D0-8D11-00A0C91BC942}") = "crash_report_sender", "sender\crash_report_sender.vcxproj", "{742FC865-EB5C-8AE1-CD55-64DA7029D969}"
EndProject
Project("{8BC9CEB8-8B4A-11D0-8D11-00A0C91BC942}") = "exception_handler", "handler\exception_handler.vcxproj", "{96920D10-97B9-43B9-E96D-EB7BFE0EB9AC}"
EndProject
Project("{8BC9CEB8-8B4A-11D0-8D11-00A0C91BC942}") = "gmock", "unittests\gmock.vcxproj", "{F211784E-08A9-CFF7-2C90-0D974C05F3D9}"
EndProject
Project("{8BC9CEB8-8B4A-11D0-8D11-00A0C91BC942}") = "gtest", "unittests\gtest.vcxproj", "{3A02F723-BB22-B12E-82AA-CB16AE17270C}"
EndProject
Project("{8BC9CEB8-8B4A-11D0-8D11-00A0C91BC942}") = "processor_bits", "unittests\processor_bits.vcxproj", "{E82599FD-A444-37A4-6A0B-1309E055BAE0}"
EndProject
Global
	GlobalSection(SolutionConfigurationPlatforms) = preSolution
		Debug|Win32 = Debug|Win32
		Debug|x64 = Debug|x64
		Purify|Win32 = Purify|Win32
		Purify|x64 = Purify|x64
		Release|x64 = Release|x64
		Release|Win32 = Release|Win32
	EndGlobalSection
	GlobalSection(ProjectConfigurationPlatforms) = postSolution
		{1AF4FCB4-8848-CCFC-6699-9F9CDA013DEF}.Debug|Win32.ActiveCfg = Debug|Win32
		{1AF4FCB4-8848-CCFC-6699-9F9CDA013DEF}.Debug|Win32.Build.0 = Debug|Win32
		{1AF4FCB4-8848-CCFC-6699-9F9CDA013DEF}.Debug|x64.ActiveCfg = Debug|x64
		{1AF4FCB4-8848-CCFC-6699-9F9CDA013DEF}.Debug|x64.Build.0 = Debug|x64
		{1AF4FCB4-8848-CCFC-6699-9F9CDA013DEF}.Purify|Win32.ActiveCfg = Purify|Win32
		{1AF4FCB4-8848-CCFC-6699-9F9CDA013DEF}.Purify|Win32.Build.0 = Purify|Win32
		{1AF4FCB4-8848-CCFC-6699-9F9CDA013DEF}.Purify|x64.ActiveCfg = Purify|x64
		{1AF4FCB4-8848-CCFC-6699-9F9CDA013DEF}.Purify|x64.Build.0 = Purify|x64
		{1AF4FCB4-8848-CCFC-6699-9F9CDA013DEF}.Release|x64.ActiveCfg = Release|x64
		{1AF4FCB4-8848-CCFC-6699-9F9CDA013DEF}.Release|x64.Build.0 = Release|x64
		{1AF4FCB4-8848-CCFC-6699-9F9CDA013DEF}.Release|Win32.ActiveCfg = Release|Win32
		{1AF4FCB4-8848-CCFC-6699-9F9CDA013DEF}.Release|Win32.Build.0 = Release|Win32
		{2D07C317-B8F7-EDC5-7F33-05E3395BE8F0}.Debug|Win32.ActiveCfg = Debug|Win32
		{2D07C317-B8F7-EDC5-7F33-05E3395BE8F0}.Debug|Win32.Build.0 = Debug|Win32
		{2D07C317-B8F7-EDC5-7F33-05E3395BE8F0}.Debug|x64.ActiveCfg = Debug|x64
		{2D07C317-B8F7-EDC5-7F33-05E3395BE8F0}.Debug|x64.Build.0 = Debug|x64
		{2D07C317-B8F7-EDC5-7F33-05E3395BE8F0}.Purify|Win32.ActiveCfg = Purify|Win32
		{2D07C317-B8F7-EDC5-7F33-05E3395BE8F0}.Purify|Win32.Build.0 = Purify|Win32
		{2D07C317-B8F7-EDC5-7F33-05E3395BE8F0}.Purify|x64.ActiveCfg = Purify|x64
		{2D07C317-B8F7-EDC5-7F33-05E3395BE8F0}.Purify|x64.Build.0 = Purify|x64
		{2D07C317-B8F7-EDC5-7F33-05E3395BE8F0}.Release|x64.ActiveCfg = Release|x64
		{2D07C317-B8F7-EDC5-7F33-05E3395BE8F0}.Release|x64.Build.0 = Release|x64
		{2D07C317-B8F7-EDC5-7F33-05E3395BE8F0}.Release|Win32.ActiveCfg = Release|Win32
		{2D07C317-B8F7-EDC5-7F33-05E3395BE8F0}.Release|Win32.Build.0 = Release|Win32
		{3A02F723-BB22-B12E-82AA-CB16AE17270C}.Debug|Win32.ActiveCfg = Debug|Win32
		{3A02F723-BB22-B12E-82AA-CB16AE17270C}.Debug|Win32.Build.0 = Debug|Win32
		{3A02F723-BB22-B12E-82AA-CB16AE17270C}.Debug|x64.ActiveCfg = Debug|x64
		{3A02F723-BB22-B12E-82AA-CB16AE17270C}.Debug|x64.Build.0 = Debug|x64
		{3A02F723-BB22-B12E-82AA-CB16AE17270C}.Purify|Win32.ActiveCfg = Purify|Win32
		{3A02F723-BB22-B12E-82AA-CB16AE17270C}.Purify|Win32.Build.0 = Purify|Win32
		{3A02F723-BB22-B12E-82AA-CB16AE17270C}.Purify|x64.ActiveCfg = Purify|x64
		{3A02F723-BB22-B12E-82AA-CB16AE17270C}.Purify|x64.Build.0 = Purify|x64
		{3A02F723-BB22-B12E-82AA-CB16AE17270C}.Release|x64.ActiveCfg = Release|x64
		{3A02F723-BB22-B12E-82AA-CB16AE17270C}.Release|x64.Build.0 = Release|x64
		{3A02F723-BB22-B12E-82AA-CB16AE17270C}.Release|Win32.ActiveCfg = Release|Win32
		{3A02F723-BB22-B12E-82AA-CB16AE17270C}.Release|Win32.Build.0 = Release|Win32
		{3B08EFB8-9B66-41E1-C6BC-03BCB10E13EF}.Debug|Win32.ActiveCfg = Debug|Win32
		{3B08EFB8-9B66-41E1-C6BC-03BCB10E13EF}.Debug|Win32.Build.0 = Debug|Win32
		{3B08EFB8-9B66-41E1-C6BC-03BCB10E13EF}.Debug|x64.ActiveCfg = Debug|x64
		{3B08EFB8-9B66-41E1-C6BC-03BCB10E13EF}.Debug|x64.Build.0 = Debug|x64
		{3B08EFB8-9B66-41E1-C6BC-03BCB10E13EF}.Purify|Win32.ActiveCfg = Purify|Win32
		{3B08EFB8-9B66-41E1-C6BC-03BCB10E13EF}.Purify|Win32.Build.0 = Purify|Win32
		{3B08EFB8-9B66-41E1-C6BC-03BCB10E13EF}.Purify|x64.ActiveCfg = Purify|x64
		{3B08EFB8-9B66-41E1-C6BC-03BCB10E13EF}.Purify|x64.Build.0 = Purify|x64
		{3B08EFB8-9B66-41E1-C6BC-03BCB10E13EF}.Release|x64.ActiveCfg = Release|x64
		{3B08EFB8-9B66-41E1-C6BC-03BCB10E13EF}.Release|x64.Build.0 = Release|x64
		{3B08EFB8-9B66-41E1-C6BC-03BCB10E13EF}.Release|Win32.ActiveCfg = Release|Win32
		{3B08EFB8-9B66-41E1-C6BC-03BCB10E13EF}.Release|Win32.Build.0 = Release|Win32
		{3F75837B-F7F5-5F87-B8FE-42682C88E7F1}.Debug|Win32.ActiveCfg = Debug|Win32
		{3F75837B-F7F5-5F87-B8FE-42682C88E7F1}.Debug|Win32.Build.0 = Debug|Win32
		{3F75837B-F7F5-5F87-B8FE-42682C88E7F1}.Debug|x64.ActiveCfg = Debug|x64
		{3F75837B-F7F5-5F87-B8FE-42682C88E7F1}.Debug|x64.Build.0 = Debug|x64
		{3F75837B-F7F5-5F87-B8FE-42682C88E7F1}.Purify|Win32.ActiveCfg = Purify|Win32
		{3F75837B-F7F5-5F87-B8FE-42682C88E7F1}.Purify|Win32.Build.0 = Purify|Win32
		{3F75837B-F7F5-5F87-B8FE-42682C88E7F1}.Purify|x64.ActiveCfg = Purify|x64
		{3F75837B-F7F5-5F87-B8FE-42682C88E7F1}.Purify|x64.Build.0 = Purify|x64
		{3F75837B-F7F5-5F87-B8FE-42682C88E7F1}.Release|x64.ActiveCfg = Release|x64
		{3F75837B-F7F5-5F87-B8FE-42682C88E7F1}.Release|x64.Build.0 = Release|x64
		{3F75837B-F7F5-5F87-B8FE-42682C88E7F1}.Release|Win32.ActiveCfg = Release|Win32
		{3F75837B-F7F5-5F87-B8FE-42682C88E7F1}.Release|Win32.Build.0 = Release|Win32
		{4ED48541-4F88-BEA7-7F51-2F7D869EF242}.Debug|Win32.ActiveCfg = Debug|Win32
		{4ED48541-4F88-BEA7-7F51-2F7D869EF242}.Debug|Win32.Build.0 = Debug|Win32
		{4ED48541-4F88-BEA7-7F51-2F7D869EF242}.Debug|x64.ActiveCfg = Debug|x64
		{4ED48541-4F88-BEA7-7F51-2F7D869EF242}.Debug|x64.Build.0 = Debug|x64
		{4ED48541-4F88-BEA7-7F51-2F7D869EF242}.Purify|Win32.ActiveCfg = Purify|Win32
		{4ED48541-4F88-BEA7-7F51-2F7D869EF242}.Purify|Win32.Build.0 = Purify|Win32
		{4ED48541-4F88-BEA7-7F51-2F7D869EF242}.Purify|x64.ActiveCfg = Purify|x64
		{4ED48541-4F88-BEA7-7F51-2F7D869EF242}.Purify|x64.Build.0 = Purify|x64
		{4ED48541-4F88-BEA7-7F51-2F7D869EF242}.Release|x64.ActiveCfg = Release|x64
		{4ED48541-4F88-BEA7-7F51-2F7D869EF242}.Release|x64.Build.0 = Release|x64
		{4ED48541-4F88-BEA7-7F51-2F7D869EF242}.Release|Win32.ActiveCfg = Release|Win32
		{4ED48541-4F88-BEA7-7F51-2F7D869EF242}.Release|Win32.Build.0 = Release|Win32
		{4FDD7FBD-B18A-9CF7-2D29-FD6A8D01AAAF}.Debug|Win32.ActiveCfg = Debug|Win32
		{4FDD7FBD-B18A-9CF7-2D29-FD6A8D01AAAF}.Debug|Win32.Build.0 = Debug|Win32
		{4FDD7FBD-B18A-9CF7-2D29-FD6A8D01AAAF}.Debug|x64.ActiveCfg = Debug|x64
		{4FDD7FBD-B18A-9CF7-2D29-FD6A8D01AAAF}.Debug|x64.Build.0 = Debug|x64
		{4FDD7FBD-B18A-9CF7-2D29-FD6A8D01AAAF}.Purify|Win32.ActiveCfg = Purify|Win32
		{4FDD7FBD-B18A-9CF7-2D29-FD6A8D01AAAF}.Purify|Win32.Build.0 = Purify|Win32
		{4FDD7FBD-B18A-9CF7-2D29-FD6A8D01AAAF}.Purify|x64.ActiveCfg = Purify|x64
		{4FDD7FBD-B18A-9CF7-2D29-FD6A8D01AAAF}.Purify|x64.Build.0 = Purify|x64
		{4FDD7FBD-B18A-9CF7-2D29-FD6A8D01AAAF}.Release|x64.ActiveCfg = Release|x64
		{4FDD7FBD-B18A-9CF7-2D29-FD6A8D01AAAF}.Release|x64.Build.0 = Release|x64
		{4FDD7FBD-B18A-9CF7-2D29-FD6A8D01AAAF}.Release|Win32.ActiveCfg = Release|Win32
		{4FDD7FBD-B18A-9CF7-2D29-FD6A8D01AAAF}.Release|Win32.Build.0 = Release|Win32
		{742FC865-EB5C-8AE1-CD55-64DA7029D969}.Debug|Win32.ActiveCfg = Debug|Win32
		{742FC865-EB5C-8AE1-CD55-64DA7029D969}.Debug|Win32.Build.0 = Debug|Win32
		{742FC865-EB5C-8AE1-CD55-64DA7029D969}.Debug|x64.ActiveCfg = Debug|x64
		{742FC865-EB5C-8AE1-CD55-64DA7029D969}.Debug|x64.Build.0 = Debug|x64
		{742FC865-EB5C-8AE1-CD55-64DA7029D969}.Purify|Win32.ActiveCfg = Purify|Win32
		{742FC865-EB5C-8AE1-CD55-64DA7029D969}.Purify|Win32.Build.0 = Purify|Win32
		{742FC865-EB5C-8AE1-CD55-64DA7029D969}.Purify|x64.ActiveCfg = Purify|x64
		{742FC865-EB5C-8AE1-CD55-64DA7029D969}.Purify|x64.Build.0 = Purify|x64
		{742FC865-EB5C-8AE1-CD55-64DA7029D969}.Release|x64.ActiveCfg = Release|x64
		{742FC865-EB5C-8AE1-CD55-64DA7029D969}.Release|x64.Build.0 = Release|x64
		{742FC865-EB5C-8AE1-CD55-64DA7029D969}.Release|Win32.ActiveCfg = Release|Win32
		{742FC865-EB5C-8AE1-CD55-64DA7029D969}.Release|Win32.Build.0 = Release|Win32
		{96920D10-97B9-43B9-E96D-EB7BFE0EB9AC}.Debug|Win32.ActiveCfg = Debug|Win32
		{96920D10-97B9-43B9-E96D-EB7BFE0EB9AC}.Debug|Win32.Build.0 = Debug|Win32
		{96920D10-97B9-43B9-E96D-EB7BFE0EB9AC}.Debug|x64.ActiveCfg = Debug|x64
		{96920D10-97B9-43B9-E96D-EB7BFE0EB9AC}.Debug|x64.Build.0 = Debug|x64
		{96920D10-97B9-43B9-E96D-EB7BFE0EB9AC}.Purify|Win32.ActiveCfg = Purify|Win32
		{96920D10-97B9-43B9-E96D-EB7BFE0EB9AC}.Purify|Win32.Build.0 = Purify|Win32
		{96920D10-97B9-43B9-E96D-EB7BFE0EB9AC}.Purify|x64.ActiveCfg = Purify|x64
		{96920D10-97B9-43B9-E96D-EB7BFE0EB9AC}.Purify|x64.Build.0 = Purify|x64
		{96920D10-97B9-43B9-E96D-EB7BFE0EB9AC}.Release|x64.ActiveCfg = Release|x64
		{96920D10-97B9-43B9-E96D-EB7BFE0EB9AC}.Release|x64.Build.0 = Release|x64
		{96920D10-97B9-43B9-E96D-EB7BFE0EB9AC}.Release|Win32.ActiveCfg = Release|Win32
		{96920D10-97B9-43B9-E96D-EB7BFE0EB9AC}.Release|Win32.Build.0 = Release|Win32
		{E82599FD-A444-37A4-6A0B-1309E055BAE0}.Debug|Win32.ActiveCfg = Debug|Win32
		{E82599FD-A444-37A4-6A0B-1309E055BAE0}.Debug|Win32.Build.0 = Debug|Win32
		{E82599FD-A444-37A4-6A0B-1309E055BAE0}.Debug|x64.ActiveCfg = Debug|x64
		{E82599FD-A444-37A4-6A0B-1309E055BAE0}.Debug|x64.Build.0 = Debug|x64
		{E82599FD-A444-37A4-6A0B-1309E055BAE0}.Purify|Win32.ActiveCfg = Purify|Win32
		{E82599FD-A444-37A4-6A0B-1309E055BAE0}.Purify|Win32.Build.0 = Purify|Win32
		{E82599FD-A444-37A4-6A0B-1309E055BAE0}.Purify|x64.ActiveCfg = Purify|x64
		{E82599FD-A444-37A4-6A0B-1309E055BAE0}.Purify|x64.Build.0 = Purify|x64
		{E82599FD-A444-37A4-6A0B-1309E055BAE0}.Release|x64.ActiveCfg = Release|x64
		{E82599FD-A444-37A4-6A0B-1309E055BAE0}.Release|x64.Build.0 = Release|x64
		{E82599FD-A444-37A4-6A0B-1309E055BAE0}.Release|Win32.ActiveCfg = Release|Win32
		{E82599FD-A444-37A4-6A0B-1309E055BAE0}.Release|Win32.Build.0 = Release|Win32
		{F211784E-08A9-CFF7-2C90-0D974C05F3D9}.Debug|Win32.ActiveCfg = Debug|Win32
		{F211784E-08A9-CFF7-2C90-0D974C05F3D9}.Debug|Win32.Build.0 = Debug|Win32
		{F211784E-08A9-CFF7-2C90-0D974C05F3D9}.Debug|x64.ActiveCfg = Debug|x64
		{F211784E-08A9-CFF7-2C90-0D974C05F3D9}.Debug|x64.Build.0 = Debug|x64
		{F211784E-08A9-CFF7-2C90-0D974C05F3D9}.Purify|Win32.ActiveCfg = Purify|Win32
		{F211784E-08A9-CFF7-2C90-0D974C05F3D9}.Purify|Win32.Build.0 = Purify|Win32
		{F211784E-08A9-CFF7-2C90-0D974C05F3D9}.Purify|x64.ActiveCfg = Purify|x64
		{F211784E-08A9-CFF7-2C90-0D974C05F3D9}.Purify|x64.Build.0 = Purify|x64
		{F211784E-08A9-CFF7-2C90-0D974C05F3D9}.Release|x64.ActiveCfg = Release|x64
		{F211784E-08A9-CFF7-2C90-0D974C05F3D9}.Release|x64.Build.0 = Release|x64
		{F211784E-08A9-CFF7-2C90-0D974C05F3D9}.Release|Win32.ActiveCfg = Release|Win32
		{F211784E-08A9-CFF7-2C90-0D974C05F3D9}.Release|Win32.Build.0 = Release|Win32
	EndGlobalSection
	GlobalSection(SolutionProperties) = preSolution
		HideSolutionNode = FALSE
	EndGlobalSection
	GlobalSection(NestedProjects) = preSolution
		{1AF4FCB4-8848-CCFC-6699-9F9CDA013DEF} = {71054F76-E083-ED71-B3F9-3E9B872F3E9E}
		{2D07C317-B8F7-EDC5-7F33-05E3395BE8F0} = {71054F76-E083-ED71-B3F9-3E9B872F3E9E}
		{96920D10-97B9-43B9-E96D-EB7BFE0EB9AC} = {07BF0989-2B77-D3C5-75FC-813F97B41E10}
		{742FC865-EB5C-8AE1-CD55-64DA7029D969} = {8981176E-4A0F-CADE-30A3-5E3F3F1CDE3A}
		{3B08EFB8-9B66-41E1-C6BC-03BCB10E13EF} = {47EF6A04-BAE2-1AFF-696A-133DA2D057FB}
		{4FDD7FBD-B18A-9CF7-2D29-FD6A8D01AAAF} = {68226F18-FA06-3EDF-C4A9-C8979D6B14D5}
		{F211784E-08A9-CFF7-2C90-0D974C05F3D9} = {68226F18-FA06-3EDF-C4A9-C8979D6B14D5}
		{3A02F723-BB22-B12E-82AA-CB16AE17270C} = {68226F18-FA06-3EDF-C4A9-C8979D6B14D5}
		{E82599FD-A444-37A4-6A0B-1309E055BAE0} = {68226F18-FA06-3EDF-C4A9-C8979D6B14D5}
	EndGlobalSection
EndGlobal
